
Microsoft Visual Studio Solution File, Format Version 12.00
# Visual Studio Version 17
VisualStudioVersion = 17.0.32112.339
MinimumVisualStudioVersion = 10.0.40219.1
Project("{FAE04EC0-301F-11D3-BF4B-00C04F79EFBC}") = "FitBitSleeptrack", "FitBitSleeptrack\FitBitSleeptrack.csproj", "{BA8E5857-9AA3-4BE6-8050-0593A8B4B60B}"
EndProject
Global
	GlobalSection(SolutionConfigurationPlatforms) = preSolution
		Debug|Any CPU = Debug|Any CPU
		Release|Any CPU = Release|Any CPU
	EndGlobalSection
	GlobalSection(ProjectConfigurationPlatforms) = postSolution
		{BA8E5857-9AA3-4BE6-8050-0593A8B4B60B}.Debug|Any CPU.ActiveCfg = Debug|Any CPU
		{BA8E5857-9AA3-4BE6-8050-0593A8B4B60B}.Debug|Any CPU.Build.0 = Debug|Any CPU
		{BA8E5857-9AA3-4BE6-8050-0593A8B4B60B}.Release|Any CPU.ActiveCfg = Release|Any CPU
		{BA8E5857-9AA3-4BE6-8050-0593A8B4B60B}.Release|Any CPU.Build.0 = Release|Any CPU
	EndGlobalSection
	GlobalSection(SolutionProperties) = preSolution
		HideSolutionNode = FALSE
	EndGlobalSection
	GlobalSection(ExtensibilityGlobals) = postSolution
		SolutionGuid = {B1AE0292-6001-4249-B132-854FADA11F76}
	EndGlobalSection
EndGlobal
